# THIS IS AN AUTOGENERATED FILE. DO NOT EDIT THIS FILE DIRECTLY.
# yarn lockfile v1


"antlr4@^4.11.0":
  "integrity" "sha512-GUGlpE2JUjAN+G8G5vY+nOoeyNhHsXoIJwP1XF1oRw89vifA1K46T6SEkwLwr7drihN7I/lf0DIjKc4OZvBX8w=="
  "resolved" "https://registry.npmjs.org/antlr4/-/antlr4-4.11.0.tgz"
  "version" "4.11.0"

"antlr4ts-cli@^0.5.0-alpha.4":
  "integrity" "sha512-lVPVBTA2CVHRYILSKilL6Jd4hAumhSZZWA7UbQNQrmaSSj7dPmmYaN4bOmZG79cOy0lS00i4LY68JZZjZMWVrw=="
  "resolved" "https://registry.npmjs.org/antlr4ts-cli/-/antlr4ts-cli-0.5.0-alpha.4.tgz"
  "version" "0.5.0-alpha.4"

"antlr4ts@^0.5.0-alpha.4":
  "integrity" "sha512-WPQDt1B74OfPv/IMS2ekXAKkTZIHl88uMetg6q3OTqgFxZ/dxDXI0EWLyZid/1Pe6hTftyg5N7gel5wNAGxXyQ=="
  "resolved" "https://registry.npmjs.org/antlr4ts/-/antlr4ts-0.5.0-alpha.4.tgz"
  "version" "0.5.0-alpha.4"
